
Microsoft Visual Studio Solution File, Format Version 12.00
# Visual Studio Version 17
VisualStudioVersion = 17.3.32819.101
MinimumVisualStudioVersion = 10.0.40219.1
Project("{9A19103F-16F7-4668-BE54-9A1E7A4F7556}") = "august2022", "august2022\august2022.csproj", "{78314C47-BA4B-486E-94DF-86E76221557B}"
EndProject
Global
	GlobalSection(SolutionConfigurationPlatforms) = preSolution
		Debug|Any CPU = Debug|Any CPU
		Release|Any CPU = Release|Any CPU
	EndGlobalSection
	GlobalSection(ProjectConfigurationPlatforms) = postSolution
		{78314C47-BA4B-486E-94DF-86E76221557B}.Debug|Any CPU.ActiveCfg = Debug|Any CPU
		{78314C47-BA4B-486E-94DF-86E76221557B}.Debug|Any CPU.Build.0 = Debug|Any CPU
		{78314C47-BA4B-486E-94DF-86E76221557B}.Release|Any CPU.ActiveCfg = Release|Any CPU
		{78314C47-BA4B-486E-94DF-86E76221557B}.Release|Any CPU.Build.0 = Release|Any CPU
	EndGlobalSection
	GlobalSection(SolutionProperties) = preSolution
		HideSolutionNode = FALSE
	EndGlobalSection
	GlobalSection(ExtensibilityGlobals) = postSolution
		SolutionGuid = {027DEEBF-7DB7-406D-82BA-C7E9CC3C4989}
	EndGlobalSection
EndGlobal
